
Microsoft Visual Studio Solution File, Format Version 12.00
# Visual Studio Version 16
VisualStudioVersion = 16.0.30225.117
MinimumVisualStudioVersion = 10.0.40219.1
Project("{FAE04EC0-301F-11D3-BF4B-00C04F79EFBC}") = "MyFirstWebApi", "MyFirstWebApi.csproj", "{B709EBAD-7A8A-4432-82CB-265FA4F0CC79}"
EndProject
Global
	GlobalSection(SolutionConfigurationPlatforms) = preSolution
		Debug|Any CPU = Debug|Any CPU
		Release|Any CPU = Release|Any CPU
	EndGlobalSection
	GlobalSection(ProjectConfigurationPlatforms) = postSolution
		{B709EBAD-7A8A-4432-82CB-265FA4F0CC79}.Debug|Any CPU.ActiveCfg = Debug|Any CPU
		{B709EBAD-7A8A-4432-82CB-265FA4F0CC79}.Debug|Any CPU.Build.0 = Debug|Any CPU
		{B709EBAD-7A8A-4432-82CB-265FA4F0CC79}.Release|Any CPU.ActiveCfg = Release|Any CPU
		{B709EBAD-7A8A-4432-82CB-265FA4F0CC79}.Release|Any CPU.Build.0 = Release|Any CPU
	EndGlobalSection
	GlobalSection(SolutionProperties) = preSolution
		HideSolutionNode = FALSE
	EndGlobalSection
	GlobalSection(ExtensibilityGlobals) = postSolution
		SolutionGuid = {44C9D05F-3928-41DB-8281-709CD04E8598}
	EndGlobalSection
EndGlobal
